
Microsoft Visual Studio Solution File, Format Version 12.00
# Visual Studio Version 17
VisualStudioVersion = 17.14.36310.24
MinimumVisualStudioVersion = 10.0.40219.1
Project("{FAE04EC0-301F-11D3-BF4B-00C04F79EFBC}") = "ArquivoMorto", "ArquivoMorto\ArquivoMorto.csproj", "{BF21C014-07D0-4FD0-94B8-24AEB6A0BD4B}"
EndProject
Global
	GlobalSection(SolutionConfigurationPlatforms) = preSolution
		Debug|Any CPU = Debug|Any CPU
		Release|Any CPU = Release|Any CPU
	EndGlobalSection
	GlobalSection(ProjectConfigurationPlatforms) = postSolution
		{BF21C014-07D0-4FD0-94B8-24AEB6A0BD4B}.Debug|Any CPU.ActiveCfg = Debug|Any CPU
		{BF21C014-07D0-4FD0-94B8-24AEB6A0BD4B}.Debug|Any CPU.Build.0 = Debug|Any CPU
		{BF21C014-07D0-4FD0-94B8-24AEB6A0BD4B}.Release|Any CPU.ActiveCfg = Release|Any CPU
		{BF21C014-07D0-4FD0-94B8-24AEB6A0BD4B}.Release|Any CPU.Build.0 = Release|Any CPU
	EndGlobalSection
	GlobalSection(SolutionProperties) = preSolution
		HideSolutionNode = FALSE
	EndGlobalSection
	GlobalSection(ExtensibilityGlobals) = postSolution
		SolutionGuid = {F348980C-98D0-4EA5-9054-F2B2C5280E3D}
	EndGlobalSection
EndGlobal
